// !$*UTF8*$!
{
	archiveVersion = 1;
	classes = {
	};
	objectVersion = 51;
	objects = {

/* Begin PBXBuildFile section */
		48419F548F4FFC21F5426FBB /* Pods_JKQuickApp_iOS.framework in Frameworks */ = {isa = PBXBuildFile; fileRef = 996D4719F2A393F2D8679114 /* Pods_JKQuickApp_iOS.framework */; };
		5C2341B7268D711E006F9D11 /* AppDelegate.swift in Sources */ = {isa = PBXBuildFile; fileRef = 5C2341B6268D711E006F9D11 /* AppDelegate.swift */; };
		5C2341C0268D7120006F9D11 /* Assets.xcassets in Resources */ = {isa = PBXBuildFile; fileRef = 5C2341BF268D7120006F9D11 /* Assets.xcassets */; };
		85475C52276F5357004A708A /* JKFlutterMacro.swift in Sources */ = {isa = PBXBuildFile; fileRef = 85475C51276F5357004A708A /* JKFlutterMacro.swift */; };
		857836CA2765CD140078179A /* JKFlutterNavigationView.swift in Sources */ = {isa = PBXBuildFile; fileRef = 857836C92765CD140078179A /* JKFlutterNavigationView.swift */; };
		857836CC2765D2170078179A /* Global.swift in Sources */ = {isa = PBXBuildFile; fileRef = 857836CB2765D2170078179A /* Global.swift */; };
		85C3DD02275D0795005EABA3 /* JKFlutterViewController.swift in Sources */ = {isa = PBXBuildFile; fileRef = 85C3DD01275D0795005EABA3 /* JKFlutterViewController.swift */; };
		85C9F7D92748C0B4000E684F /* JKTabbarVC.swift in Sources */ = {isa = PBXBuildFile; fileRef = 85C9F7D72748C0B4000E684F /* JKTabbarVC.swift */; };
		85C9F7DA2748C0B4000E684F /* JKNavigationVC.swift in Sources */ = {isa = PBXBuildFile; fileRef = 85C9F7D82748C0B4000E684F /* JKNavigationVC.swift */; };
		85C9F7DD2748C0F8000E684F /* JKBaseVC.swift in Sources */ = {isa = PBXBuildFile; fileRef = 85C9F7DC2748C0F8000E684F /* JKBaseVC.swift */; };
		85C9F7E42748C1CF000E684F /* JKLoginVC.swift in Sources */ = {isa = PBXBuildFile; fileRef = 85C9F7E32748C1CF000E684F /* JKLoginVC.swift */; };
		85C9F7E82748C1FD000E684F /* JKHomeVC.swift in Sources */ = {isa = PBXBuildFile; fileRef = 85C9F7E72748C1FD000E684F /* JKHomeVC.swift */; };
		85C9F7EB2748C21A000E684F /* JKUserCenterVC.swift in Sources */ = {isa = PBXBuildFile; fileRef = 85C9F7EA2748C21A000E684F /* JKUserCenterVC.swift */; };
		85C9F7F82748D5C4000E684F /* JKLoadingView.swift in Sources */ = {isa = PBXBuildFile; fileRef = 85C9F7F72748D5C4000E684F /* JKLoadingView.swift */; };
		85C9F7FE2748DBE0000E684F /* JKHomeTableCell.swift in Sources */ = {isa = PBXBuildFile; fileRef = 85C9F7FD2748DBE0000E684F /* JKHomeTableCell.swift */; };
		85C9F80C2748EB79000E684F /* JKFlutterAdapter.swift in Sources */ = {isa = PBXBuildFile; fileRef = 85C9F80B2748EB79000E684F /* JKFlutterAdapter.swift */; };
/* End PBXBuildFile section */

/* Begin PBXCopyFilesBuildPhase section */
		85C3DCF5275CB6E5005EABA3 /* Embed Frameworks */ = {
			isa = PBXCopyFilesBuildPhase;
			buildActionMask = 2147483647;
			dstPath = "";
			dstSubfolderSpec = 10;
			files = (
			);
			name = "Embed Frameworks";
			runOnlyForDeploymentPostprocessing = 0;
		};
/* End PBXCopyFilesBuildPhase section */

/* Begin PBXFileReference section */
		5C2341B3268D711E006F9D11 /* JKQuickApp-iOS.app */ = {isa = PBXFileReference; explicitFileType = wrapper.application; includeInIndex = 0; path = "JKQuickApp-iOS.app"; sourceTree = BUILT_PRODUCTS_DIR; };
		5C2341B6268D711E006F9D11 /* AppDelegate.swift */ = {isa = PBXFileReference; lastKnownFileType = sourcecode.swift; path = AppDelegate.swift; sourceTree = "<group>"; };
		5C2341BF268D7120006F9D11 /* Assets.xcassets */ = {isa = PBXFileReference; lastKnownFileType = folder.assetcatalog; path = Assets.xcassets; sourceTree = "<group>"; };
		5C2341C4268D7120006F9D11 /* Info.plist */ = {isa = PBXFileReference; lastKnownFileType = text.plist.xml; path = Info.plist; sourceTree = "<group>"; };
		85475C51276F5357004A708A /* JKFlutterMacro.swift */ = {isa = PBXFileReference; lastKnownFileType = sourcecode.swift; path = JKFlutterMacro.swift; sourceTree = "<group>"; };
		857836C92765CD140078179A /* JKFlutterNavigationView.swift */ = {isa = PBXFileReference; lastKnownFileType = sourcecode.swift; path = JKFlutterNavigationView.swift; sourceTree = "<group>"; };
		857836CB2765D2170078179A /* Global.swift */ = {isa = PBXFileReference; lastKnownFileType = sourcecode.swift; path = Global.swift; sourceTree = "<group>"; };
		85C3DD01275D0795005EABA3 /* JKFlutterViewController.swift */ = {isa = PBXFileReference; lastKnownFileType = sourcecode.swift; path = JKFlutterViewController.swift; sourceTree = "<group>"; };
		85C9F7D72748C0B4000E684F /* JKTabbarVC.swift */ = {isa = PBXFileReference; fileEncoding = 4; lastKnownFileType = sourcecode.swift; path = JKTabbarVC.swift; sourceTree = "<group>"; };
		85C9F7D82748C0B4000E684F /* JKNavigationVC.swift */ = {isa = PBXFileReference; fileEncoding = 4; lastKnownFileType = sourcecode.swift; path = JKNavigationVC.swift; sourceTree = "<group>"; };
		85C9F7DC2748C0F8000E684F /* JKBaseVC.swift */ = {isa = PBXFileReference; lastKnownFileType = sourcecode.swift; path = JKBaseVC.swift; sourceTree = "<group>"; };
		85C9F7E32748C1CF000E684F /* JKLoginVC.swift */ = {isa = PBXFileReference; lastKnownFileType = sourcecode.swift; path = JKLoginVC.swift; sourceTree = "<group>"; };
		85C9F7E72748C1FD000E684F /* JKHomeVC.swift */ = {isa = PBXFileReference; lastKnownFileType = sourcecode.swift; path = JKHomeVC.swift; sourceTree = "<group>"; };
		85C9F7EA2748C21A000E684F /* JKUserCenterVC.swift */ = {isa = PBXFileReference; lastKnownFileType = sourcecode.swift; path = JKUserCenterVC.swift; sourceTree = "<group>"; };
		85C9F7F72748D5C4000E684F /* JKLoadingView.swift */ = {isa = PBXFileReference; fileEncoding = 4; lastKnownFileType = sourcecode.swift; path = JKLoadingView.swift; sourceTree = "<group>"; };
		85C9F7FD2748DBE0000E684F /* JKHomeTableCell.swift */ = {isa = PBXFileReference; lastKnownFileType = sourcecode.swift; path = JKHomeTableCell.swift; sourceTree = "<group>"; };
		85C9F80B2748EB79000E684F /* JKFlutterAdapter.swift */ = {isa = PBXFileReference; lastKnownFileType = sourcecode.swift; path = JKFlutterAdapter.swift; sourceTree = "<group>"; };
		8D4424B9A6C2ABD685A44D60 /* Pods-JKQuickApp-iOS.release.xcconfig */ = {isa = PBXFileReference; includeInIndex = 1; lastKnownFileType = text.xcconfig; name = "Pods-JKQuickApp-iOS.release.xcconfig"; path = "Target Support Files/Pods-JKQuickApp-iOS/Pods-JKQuickApp-iOS.release.xcconfig"; sourceTree = "<group>"; };
		996D4719F2A393F2D8679114 /* Pods_JKQuickApp_iOS.framework */ = {isa = PBXFileReference; explicitFileType = wrapper.framework; includeInIndex = 0; path = Pods_JKQuickApp_iOS.framework; sourceTree = BUILT_PRODUCTS_DIR; };
		F5DB67C446E27DB014E8CB76 /* Pods-JKQuickApp-iOS.debug.xcconfig */ = {isa = PBXFileReference; includeInIndex = 1; lastKnownFileType = text.xcconfig; name = "Pods-JKQuickApp-iOS.debug.xcconfig"; path = "Target Support Files/Pods-JKQuickApp-iOS/Pods-JKQuickApp-iOS.debug.xcconfig"; sourceTree = "<group>"; };
/* End PBXFileReference section */

/* Begin PBXFrameworksBuildPhase section */
		5C2341B0268D711E006F9D11 /* Frameworks */ = {
			isa = PBXFrameworksBuildPhase;
			buildActionMask = 2147483647;
			files = (
				48419F548F4FFC21F5426FBB /* Pods_JKQuickApp_iOS.framework in Frameworks */,
			);
			runOnlyForDeploymentPostprocessing = 0;
		};
/* End PBXFrameworksBuildPhase section */

/* Begin PBXGroup section */
		487BDAE365655D1897A8AFE3 /* Pods */ = {
			isa = PBXGroup;
			children = (
				F5DB67C446E27DB014E8CB76 /* Pods-JKQuickApp-iOS.debug.xcconfig */,
				8D4424B9A6C2ABD685A44D60 /* Pods-JKQuickApp-iOS.release.xcconfig */,
			);
			path = Pods;
			sourceTree = "<group>";
		};
		5C2341AA268D711E006F9D11 = {
			isa = PBXGroup;
			children = (
				5C2341B5268D711E006F9D11 /* JKQuickApp-iOS */,
				5C2341B4268D711E006F9D11 /* Products */,
				487BDAE365655D1897A8AFE3 /* Pods */,
				677A4CF50F6BBF1E7D120B8B /* Frameworks */,
			);
			sourceTree = "<group>";
		};
		5C2341B4268D711E006F9D11 /* Products */ = {
			isa = PBXGroup;
			children = (
				5C2341B3268D711E006F9D11 /* JKQuickApp-iOS.app */,
			);
			name = Products;
			sourceTree = "<group>";
		};
		5C2341B5268D711E006F9D11 /* JKQuickApp-iOS */ = {
			isa = PBXGroup;
			children = (
				85C9F8042748E8B6000E684F /* Flutter */,
				85C9F7C62748BFCB000E684F /* View */,
				85C9F7C12748BF7B000E684F /* Controller */,
				5C2341B6268D711E006F9D11 /* AppDelegate.swift */,
				857836CB2765D2170078179A /* Global.swift */,
				5C2341BF268D7120006F9D11 /* Assets.xcassets */,
				5C2341C4268D7120006F9D11 /* Info.plist */,
			);
			path = "JKQuickApp-iOS";
			sourceTree = "<group>";
		};
		677A4CF50F6BBF1E7D120B8B /* Frameworks */ = {
			isa = PBXGroup;
			children = (
				996D4719F2A393F2D8679114 /* Pods_JKQuickApp_iOS.framework */,
			);
			name = Frameworks;
			sourceTree = "<group>";
		};
		85C9F7C12748BF7B000E684F /* Controller */ = {
			isa = PBXGroup;
			children = (
				85C9F8032748E440000E684F /* Flutter */,
				85C9F7D62748C08D000E684F /* Base */,
				85C9F7E22748C1BA000E684F /* Login */,
				85C9F7DF2748C157000E684F /* Tabbars */,
			);
			path = Controller;
			sourceTree = "<group>";
		};
		85C9F7C62748BFCB000E684F /* View */ = {
			isa = PBXGroup;
			children = (
				85C9F7F52748D5AB000E684F /* Base */,
				85C9F7F62748D5AB000E684F /* Center */,
				85C9F7F32748D5AB000E684F /* Home */,
				85C9F7F42748D5AB000E684F /* Login */,
			);
			path = View;
			sourceTree = "<group>";
		};
		85C9F7D62748C08D000E684F /* Base */ = {
			isa = PBXGroup;
			children = (
				85C9F7D82748C0B4000E684F /* JKNavigationVC.swift */,
				85C9F7D72748C0B4000E684F /* JKTabbarVC.swift */,
				85C9F7DC2748C0F8000E684F /* JKBaseVC.swift */,
			);
			path = Base;
			sourceTree = "<group>";
		};
		85C9F7DF2748C157000E684F /* Tabbars */ = {
			isa = PBXGroup;
			children = (
				85C9F7E12748C19F000E684F /* Center */,
				85C9F7E02748C19F000E684F /* Home */,
			);
			path = Tabbars;
			sourceTree = "<group>";
		};
		85C9F7E02748C19F000E684F /* Home */ = {
			isa = PBXGroup;
			children = (
				85C9F7E72748C1FD000E684F /* JKHomeVC.swift */,
			);
			path = Home;
			sourceTree = "<group>";
		};
		85C9F7E12748C19F000E684F /* Center */ = {
			isa = PBXGroup;
			children = (
				85C9F7EA2748C21A000E684F /* JKUserCenterVC.swift */,
			);
			path = Center;
			sourceTree = "<group>";
		};
		85C9F7E22748C1BA000E684F /* Login */ = {
			isa = PBXGroup;
			children = (
				85C9F7E32748C1CF000E684F /* JKLoginVC.swift */,
			);
			path = Login;
			sourceTree = "<group>";
		};
		85C9F7F32748D5AB000E684F /* Home */ = {
			isa = PBXGroup;
			children = (
				85C9F7FD2748DBE0000E684F /* JKHomeTableCell.swift */,
			);
			path = Home;
			sourceTree = "<group>";
		};
		85C9F7F42748D5AB000E684F /* Login */ = {
			isa = PBXGroup;
			children = (
			);
			path = Login;
			sourceTree = "<group>";
		};
		85C9F7F52748D5AB000E684F /* Base */ = {
			isa = PBXGroup;
			children = (
				85C9F7F72748D5C4000E684F /* JKLoadingView.swift */,
			);
			path = Base;
			sourceTree = "<group>";
		};
		85C9F7F62748D5AB000E684F /* Center */ = {
			isa = PBXGroup;
			children = (
			);
			path = Center;
			sourceTree = "<group>";
		};
		85C9F8032748E440000E684F /* Flutter */ = {
			isa = PBXGroup;
			children = (
			);
			path = Flutter;
			sourceTree = "<group>";
		};
		85C9F8042748E8B6000E684F /* Flutter */ = {
			isa = PBXGroup;
			children = (
				85C9F80B2748EB79000E684F /* JKFlutterAdapter.swift */,
				85C3DD01275D0795005EABA3 /* JKFlutterViewController.swift */,
				857836C92765CD140078179A /* JKFlutterNavigationView.swift */,
				85475C51276F5357004A708A /* JKFlutterMacro.swift */,
			);
			path = Flutter;
			sourceTree = "<group>";
		};
/* End PBXGroup section */

/* Begin PBXNativeTarget section */
		5C2341B2268D711E006F9D11 /* JKQuickApp-iOS */ = {
			isa = PBXNativeTarget;
			buildConfigurationList = 5C2341C7268D7120006F9D11 /* Build configuration list for PBXNativeTarget "JKQuickApp-iOS" */;
			buildPhases = (
				1C40C181A5889D3083B65A45 /* [CP] Check Pods Manifest.lock */,
				5C2341AF268D711E006F9D11 /* Sources */,
				5C2341B0268D711E006F9D11 /* Frameworks */,
				5C2341B1268D711E006F9D11 /* Resources */,
				3FE32878A22073500ABE32E5 /* [CP] Embed Pods Frameworks */,
				85C3DCF5275CB6E5005EABA3 /* Embed Frameworks */,
			);
			buildRules = (
			);
			dependencies = (
			);
			name = "JKQuickApp-iOS";
			productName = "JKQuickApp-iOS";
			productReference = 5C2341B3268D711E006F9D11 /* JKQuickApp-iOS.app */;
			productType = "com.apple.product-type.application";
		};
/* End PBXNativeTarget section */

/* Begin PBXProject section */
		5C2341AB268D711E006F9D11 /* Project object */ = {
			isa = PBXProject;
			attributes = {
				LastSwiftUpdateCheck = 1250;
				LastUpgradeCheck = 1250;
				TargetAttributes = {
					5C2341B2268D711E006F9D11 = {
						CreatedOnToolsVersion = 12.5.1;
					};
				};
			};
			buildConfigurationList = 5C2341AE268D711E006F9D11 /* Build configuration list for PBXProject "JKQuickApp-iOS" */;
			compatibilityVersion = "Xcode 9.3";
			developmentRegion = en;
			hasScannedForEncodings = 0;
			knownRegions = (
				en,
				Base,
			);
			mainGroup = 5C2341AA268D711E006F9D11;
			productRefGroup = 5C2341B4268D711E006F9D11 /* Products */;
			projectDirPath = "";
			projectRoot = "";
			targets = (
				5C2341B2268D711E006F9D11 /* JKQuickApp-iOS */,
			);
		};
/* End PBXProject section */

/* Begin PBXResourcesBuildPhase section */
		5C2341B1268D711E006F9D11 /* Resources */ = {
			isa = PBXResourcesBuildPhase;
			buildActionMask = 2147483647;
			files = (
				5C2341C0268D7120006F9D11 /* Assets.xcassets in Resources */,
			);
			runOnlyForDeploymentPostprocessing = 0;
		};
/* End PBXResourcesBuildPhase section */

/* Begin PBXShellScriptBuildPhase section */
		1C40C181A5889D3083B65A45 /* [CP] Check Pods Manifest.lock */ = {
			isa = PBXShellScriptBuildPhase;
			buildActionMask = 2147483647;
			files = (
			);
			inputFileListPaths = (
			);
			inputPaths = (
				"${PODS_PODFILE_DIR_PATH}/Podfile.lock",
				"${PODS_ROOT}/Manifest.lock",
			);
			name = "[CP] Check Pods Manifest.lock";
			outputFileListPaths = (
			);
			outputPaths = (
				"$(DERIVED_FILE_DIR)/Pods-JKQuickApp-iOS-checkManifestLockResult.txt",
			);
			runOnlyForDeploymentPostprocessing = 0;
			shellPath = /bin/sh;
			shellScript = "diff \"${PODS_PODFILE_DIR_PATH}/Podfile.lock\" \"${PODS_ROOT}/Manifest.lock\" > /dev/null\nif [ $? != 0 ] ; then\n    # print error to STDERR\n    echo \"error: The sandbox is not in sync with the Podfile.lock. Run 'pod install' or update your CocoaPods installation.\" >&2\n    exit 1\nfi\n# This output is used by Xcode 'outputs' to avoid re-running this script phase.\necho \"SUCCESS\" > \"${SCRIPT_OUTPUT_FILE_0}\"\n";
			showEnvVarsInLog = 0;
		};
		3FE32878A22073500ABE32E5 /* [CP] Embed Pods Frameworks */ = {
			isa = PBXShellScriptBuildPhase;
			buildActionMask = 2147483647;
			files = (
			);
			inputFileListPaths = (
				"${PODS_ROOT}/Target Support Files/Pods-JKQuickApp-iOS/Pods-JKQuickApp-iOS-frameworks-${CONFIGURATION}-input-files.xcfilelist",
			);
			name = "[CP] Embed Pods Frameworks";
			outputFileListPaths = (
				"${PODS_ROOT}/Target Support Files/Pods-JKQuickApp-iOS/Pods-JKQuickApp-iOS-frameworks-${CONFIGURATION}-output-files.xcfilelist",
			);
			runOnlyForDeploymentPostprocessing = 0;
			shellPath = /bin/sh;
			shellScript = "\"${PODS_ROOT}/Target Support Files/Pods-JKQuickApp-iOS/Pods-JKQuickApp-iOS-frameworks.sh\"\n";
			showEnvVarsInLog = 0;
		};
/* End PBXShellScriptBuildPhase section */

/* Begin PBXSourcesBuildPhase section */
		5C2341AF268D711E006F9D11 /* Sources */ = {
			isa = PBXSourcesBuildPhase;
			buildActionMask = 2147483647;
			files = (
				85C9F7EB2748C21A000E684F /* JKUserCenterVC.swift in Sources */,
				85C9F7E82748C1FD000E684F /* JKHomeVC.swift in Sources */,
				85C9F7E42748C1CF000E684F /* JKLoginVC.swift in Sources */,
				85C9F7D92748C0B4000E684F /* JKTabbarVC.swift in Sources */,
				85475C52276F5357004A708A /* JKFlutterMacro.swift in Sources */,
				85C9F7F82748D5C4000E684F /* JKLoadingView.swift in Sources */,
				857836CC2765D2170078179A /* Global.swift in Sources */,
				85C9F7DD2748C0F8000E684F /* JKBaseVC.swift in Sources */,
				857836CA2765CD140078179A /* JKFlutterNavigationView.swift in Sources */,
				85C9F7DA2748C0B4000E684F /* JKNavigationVC.swift in Sources */,
				85C3DD02275D0795005EABA3 /* JKFlutterViewController.swift in Sources */,
				5C2341B7268D711E006F9D11 /* AppDelegate.swift in Sources */,
				85C9F80C2748EB79000E684F /* JKFlutterAdapter.swift in Sources */,
				85C9F7FE2748DBE0000E684F /* JKHomeTableCell.swift in Sources */,
			);
			runOnlyForDeploymentPostprocessing = 0;
		};
/* End PBXSourcesBuildPhase section */

/* Begin XCBuildConfiguration section */
		5C2341C5268D7120006F9D11 /* Debug */ = {
			isa = XCBuildConfiguration;
			buildSettings = {
				ALWAYS_SEARCH_USER_PATHS = NO;
				CLANG_ANALYZER_NONNULL = YES;
				CLANG_ANALYZER_NUMBER_OBJECT_CONVERSION = YES_AGGRESSIVE;
				CLANG_CXX_LANGUAGE_STANDARD = "gnu++14";
				CLANG_CXX_LIBRARY = "libc++";
				CLANG_ENABLE_MODULES = YES;
				CLANG_ENABLE_OBJC_ARC = YES;
				CLANG_ENABLE_OBJC_WEAK = YES;
				CLANG_WARN_BLOCK_CAPTURE_AUTORELEASING = YES;
				CLANG_WARN_BOOL_CONVERSION = YES;
				CLANG_WARN_COMMA = YES;
				CLANG_WARN_CONSTANT_CONVERSION = YES;
				CLANG_WARN_DEPRECATED_OBJC_IMPLEMENTATIONS = YES;
				CLANG_WARN_DIRECT_OBJC_ISA_USAGE = YES_ERROR;
				CLANG_WARN_DOCUMENTATION_COMMENTS = YES;
				CLANG_WARN_EMPTY_BODY = YES;
				CLANG_WARN_ENUM_CONVERSION = YES;
				CLANG_WARN_INFINITE_RECURSION = YES;
				CLANG_WARN_INT_CONVERSION = YES;
				CLANG_WARN_NON_LITERAL_NULL_CONVERSION = YES;
				CLANG_WARN_OBJC_IMPLICIT_RETAIN_SELF = YES;
				CLANG_WARN_OBJC_LITERAL_CONVERSION = YES;
				CLANG_WARN_OBJC_ROOT_CLASS = YES_ERROR;
				CLANG_WARN_QUOTED_INCLUDE_IN_FRAMEWORK_HEADER = YES;
				CLANG_WARN_RANGE_LOOP_ANALYSIS = YES;
				CLANG_WARN_STRICT_PROTOTYPES = YES;
				CLANG_WARN_SUSPICIOUS_MOVE = YES;
				CLANG_WARN_UNGUARDED_AVAILABILITY = YES_AGGRESSIVE;
				CLANG_WARN_UNREACHABLE_CODE = YES;
				CLANG_WARN__DUPLICATE_METHOD_MATCH = YES;
				COPY_PHASE_STRIP = NO;
				DEBUG_INFORMATION_FORMAT = dwarf;
				ENABLE_STRICT_OBJC_MSGSEND = YES;
				ENABLE_TESTABILITY = YES;
				GCC_C_LANGUAGE_STANDARD = gnu11;
				GCC_DYNAMIC_NO_PIC = NO;
				GCC_NO_COMMON_BLOCKS = YES;
				GCC_OPTIMIZATION_LEVEL = 0;
				GCC_PREPROCESSOR_DEFINITIONS = (
					"DEBUG=1",
					"$(inherited)",
				);
				GCC_WARN_64_TO_32_BIT_CONVERSION = YES;
				GCC_WARN_ABOUT_RETURN_TYPE = YES_ERROR;
				GCC_WARN_UNDECLARED_SELECTOR = YES;
				GCC_WARN_UNINITIALIZED_AUTOS = YES_AGGRESSIVE;
				GCC_WARN_UNUSED_FUNCTION = YES;
				GCC_WARN_UNUSED_VARIABLE = YES;
				IPHONEOS_DEPLOYMENT_TARGET = 10.0;
				MTL_ENABLE_DEBUG_INFO = INCLUDE_SOURCE;
				MTL_FAST_MATH = YES;
				ONLY_ACTIVE_ARCH = YES;
				SDKROOT = iphoneos;
				SWIFT_ACTIVE_COMPILATION_CONDITIONS = DEBUG;
				SWIFT_OPTIMIZATION_LEVEL = "-Onone";
			};
			name = Debug;
		};
		5C2341C6268D7120006F9D11 /* Release */ = {
			isa = XCBuildConfiguration;
			buildSettings = {
				ALWAYS_SEARCH_USER_PATHS = NO;
				CLANG_ANALYZER_NONNULL = YES;
				CLANG_ANALYZER_NUMBER_OBJECT_CONVERSION = YES_AGGRESSIVE;
				CLANG_CXX_LANGUAGE_STANDARD = "gnu++14";
				CLANG_CXX_LIBRARY = "libc++";
				CLANG_ENABLE_MODULES = YES;
				CLANG_ENABLE_OBJC_ARC = YES;
				CLANG_ENABLE_OBJC_WEAK = YES;
				CLANG_WARN_BLOCK_CAPTURE_AUTORELEASING = YES;
				CLANG_WARN_BOOL_CONVERSION = YES;
				CLANG_WARN_COMMA = YES;
				CLANG_WARN_CONSTANT_CONVERSION = YES;
				CLANG_WARN_DEPRECATED_OBJC_IMPLEMENTATIONS = YES;
				CLANG_WARN_DIRECT_OBJC_ISA_USAGE = YES_ERROR;
				CLANG_WARN_DOCUMENTATION_COMMENTS = YES;
				CLANG_WARN_EMPTY_BODY = YES;
				CLANG_WARN_ENUM_CONVERSION = YES;
				CLANG_WARN_INFINITE_RECURSION = YES;
				CLANG_WARN_INT_CONVERSION = YES;
				CLANG_WARN_NON_LITERAL_NULL_CONVERSION = YES;
				CLANG_WARN_OBJC_IMPLICIT_RETAIN_SELF = YES;
				CLANG_WARN_OBJC_LITERAL_CONVERSION = YES;
				CLANG_WARN_OBJC_ROOT_CLASS = YES_ERROR;
				CLANG_WARN_QUOTED_INCLUDE_IN_FRAMEWORK_HEADER = YES;
				CLANG_WARN_RANGE_LOOP_ANALYSIS = YES;
				CLANG_WARN_STRICT_PROTOTYPES = YES;
				CLANG_WARN_SUSPICIOUS_MOVE = YES;
				CLANG_WARN_UNGUARDED_AVAILABILITY = YES_AGGRESSIVE;
				CLANG_WARN_UNREACHABLE_CODE = YES;
				CLANG_WARN__DUPLICATE_METHOD_MATCH = YES;
				COPY_PHASE_STRIP = NO;
				DEBUG_INFORMATION_FORMAT = "dwarf-with-dsym";
				ENABLE_NS_ASSERTIONS = NO;
				ENABLE_STRICT_OBJC_MSGSEND = YES;
				GCC_C_LANGUAGE_STANDARD = gnu11;
				GCC_NO_COMMON_BLOCKS = YES;
				GCC_WARN_64_TO_32_BIT_CONVERSION = YES;
				GCC_WARN_ABOUT_RETURN_TYPE = YES_ERROR;
				GCC_WARN_UNDECLARED_SELECTOR = YES;
				GCC_WARN_UNINITIALIZED_AUTOS = YES_AGGRESSIVE;
				GCC_WARN_UNUSED_FUNCTION = YES;
				GCC_WARN_UNUSED_VARIABLE = YES;
				IPHONEOS_DEPLOYMENT_TARGET = 10.0;
				MTL_ENABLE_DEBUG_INFO = NO;
				MTL_FAST_MATH = YES;
				SDKROOT = iphoneos;
				SWIFT_COMPILATION_MODE = wholemodule;
				SWIFT_OPTIMIZATION_LEVEL = "-O";
				VALIDATE_PRODUCT = YES;
			};
			name = Release;
		};
		5C2341C8268D7120006F9D11 /* Debug */ = {
			isa = XCBuildConfiguration;
			baseConfigurationReference = F5DB67C446E27DB014E8CB76 /* Pods-JKQuickApp-iOS.debug.xcconfig */;
			buildSettings = {
				ASSETCATALOG_COMPILER_APPICON_NAME = AppIcon;
				ASSETCATALOG_COMPILER_GLOBAL_ACCENT_COLOR_NAME = AccentColor;
				ASSETCATALOG_COMPILER_LAUNCHIMAGE_NAME = LaunchImage;
				CODE_SIGN_IDENTITY = "Apple Development";
				CODE_SIGN_STYLE = Automatic;
				DEVELOPMENT_TEAM = K33FFF4L3X;
				FRAMEWORK_SEARCH_PATHS = (
					"$(inherited)",
					"$(PROJECT_DIR)/Frameworks",
				);
				INFOPLIST_FILE = "JKQuickApp-iOS/Info.plist";
				LD_RUNPATH_SEARCH_PATHS = (
					"$(inherited)",
					"@executable_path/Frameworks",
				);
				PRODUCT_BUNDLE_IDENTIFIER = "com.jk.JKQuickApp-iOS";
				PRODUCT_NAME = "$(TARGET_NAME)";
				PROVISIONING_PROFILE_SPECIFIER = "";
				SWIFT_VERSION = 5.0;
				TARGETED_DEVICE_FAMILY = 1;
			};
			name = Debug;
		};
		5C2341C9268D7120006F9D11 /* Release */ = {
			isa = XCBuildConfiguration;
			baseConfigurationReference = 8D4424B9A6C2ABD685A44D60 /* Pods-JKQuickApp-iOS.release.xcconfig */;
			buildSettings = {
				ASSETCATALOG_COMPILER_APPICON_NAME = AppIcon;
				ASSETCATALOG_COMPILER_GLOBAL_ACCENT_COLOR_NAME = AccentColor;
				ASSETCATALOG_COMPILER_LAUNCHIMAGE_NAME = LaunchImage;
				CODE_SIGN_IDENTITY = "Apple Development";
				CODE_SIGN_STYLE = Automatic;
				DEVELOPMENT_TEAM = K33FFF4L3X;
				FRAMEWORK_SEARCH_PATHS = (
					"$(inherited)",
					"$(PROJECT_DIR)/Frameworks",
				);
				INFOPLIST_FILE = "JKQuickApp-iOS/Info.plist";
				LD_RUNPATH_SEARCH_PATHS = (
					"$(inherited)",
					"@executable_path/Frameworks",
				);
				PRODUCT_BUNDLE_IDENTIFIER = "com.jk.JKQuickApp-iOS";
				PRODUCT_NAME = "$(TARGET_NAME)";
				PROVISIONING_PROFILE_SPECIFIER = "";
				SWIFT_VERSION = 5.0;
				TARGETED_DEVICE_FAMILY = 1;
			};
			name = Release;
		};
/* End XCBuildConfiguration section */

/* Begin XCConfigurationList section */
		5C2341AE268D711E006F9D11 /* Build configuration list for PBXProject "JKQuickApp-iOS" */ = {
			isa = XCConfigurationList;
			buildConfigurations = (
				5C2341C5268D7120006F9D11 /* Debug */,
				5C2341C6268D7120006F9D11 /* Release */,
			);
			defaultConfigurationIsVisible = 0;
			defaultConfigurationName = Release;
		};
		5C2341C7268D7120006F9D11 /* Build configuration list for PBXNativeTarget "JKQuickApp-iOS" */ = {
			isa = XCConfigurationList;
			buildConfigurations = (
				5C2341C8268D7120006F9D11 /* Debug */,
				5C2341C9268D7120006F9D11 /* Release */,
			);
			defaultConfigurationIsVisible = 0;
			defaultConfigurationName = Release;
		};
/* End XCConfigurationList section */
	};
	rootObject = 5C2341AB268D711E006F9D11 /* Project object */;
}
